// !$*UTF8*$!
{
	archiveVersion = 1;
	classes = {
	};
	objectVersion = 56;
	objects = {

/* Begin PBXBuildFile section */
		173376F42B8F25D5009D05AC /* hold.gif in Resources */ = {isa = PBXBuildFile; fileRef = 173376F22B8F25D5009D05AC /* hold.gif */; };
		173376F52B8F25D5009D05AC /* tap.gif in Resources */ = {isa = PBXBuildFile; fileRef = 173376F32B8F25D5009D05AC /* tap.gif */; };
		1763FA862B860400005BC39C /* MapView.swift in Sources */ = {isa = PBXBuildFile; fileRef = 1763FA852B860400005BC39C /* MapView.swift */; };
		176B44232B7F97CD0029879D /* InfoBoardingView.swift in Sources */ = {isa = PBXBuildFile; fileRef = 176B44222B7F97CD0029879D /* InfoBoardingView.swift */; };
		176B44252B7F97F30029879D /* OnBoardingView.swift in Sources */ = {isa = PBXBuildFile; fileRef = 176B44242B7F97F30029879D /* OnBoardingView.swift */; };
		176B44332B834C5C0029879D /* ModalView.swift in Sources */ = {isa = PBXBuildFile; fileRef = 176B44322B834C5C0029879D /* ModalView.swift */; };
		176B44352B834C920029879D /* MapViewModel.swift in Sources */ = {isa = PBXBuildFile; fileRef = 176B44342B834C920029879D /* MapViewModel.swift */; };
		176B44372B834CBF0029879D /* UserProfileView.swift in Sources */ = {isa = PBXBuildFile; fileRef = 176B44362B834CBF0029879D /* UserProfileView.swift */; };
		176B44392B834CE40029879D /* ButtonHomeView.swift in Sources */ = {isa = PBXBuildFile; fileRef = 176B44382B834CE40029879D /* ButtonHomeView.swift */; };
		17F4499A2B8F4BA400E29688 /* InfoPointView.swift in Sources */ = {isa = PBXBuildFile; fileRef = 17F449992B8F4BA400E29688 /* InfoPointView.swift */; };
		991F74DF2B875BF80092EA9D /* Extensions2.swift in Sources */ = {isa = PBXBuildFile; fileRef = 991F74DE2B875BF80092EA9D /* Extensions2.swift */; };
		991F74E12B87E12F0092EA9D /* PageView.swift in Sources */ = {isa = PBXBuildFile; fileRef = 991F74E02B87E12F0092EA9D /* PageView.swift */; };
		991F74E32B87E1490092EA9D /* PageModel.swift in Sources */ = {isa = PBXBuildFile; fileRef = 991F74E22B87E1490092EA9D /* PageModel.swift */; };
		9937CD232B9087CF007ABEF1 /* AppleSignIN.swift in Sources */ = {isa = PBXBuildFile; fileRef = 9937CD222B9087CF007ABEF1 /* AppleSignIN.swift */; };
		99A040972B8FB37A00099984 /* FirebaseAnalytics in Frameworks */ = {isa = PBXBuildFile; productRef = 99A040962B8FB37A00099984 /* FirebaseAnalytics */; };
		99A040992B8FB37A00099984 /* FirebaseMessaging in Frameworks */ = {isa = PBXBuildFile; productRef = 99A040982B8FB37A00099984 /* FirebaseMessaging */; };
		99A0409B2B8FB37A00099984 /* FirebaseStorage in Frameworks */ = {isa = PBXBuildFile; productRef = 99A0409A2B8FB37A00099984 /* FirebaseStorage */; };
		99A653902B8DF53C0038C1D4 /* GIFImage.swift in Sources */ = {isa = PBXBuildFile; fileRef = 99A6538F2B8DF53C0038C1D4 /* GIFImage.swift */; };
		99A653922B8DF8810038C1D4 /* GiFFF.swift in Sources */ = {isa = PBXBuildFile; fileRef = 99A653912B8DF8810038C1D4 /* GiFFF.swift */; };
		99A653942B8E1EC00038C1D4 /* map.gif in Resources */ = {isa = PBXBuildFile; fileRef = 99A653932B8E1EC00038C1D4 /* map.gif */; };
		99D05C812B81640F00E96315 /* Extensions.swift in Sources */ = {isa = PBXBuildFile; fileRef = 99D05C802B81640F00E96315 /* Extensions.swift */; };
		99D8E7262B8FCEF900449F8D /* GoogleService-Info.plist in Resources */ = {isa = PBXBuildFile; fileRef = 99D8E7252B8FCEF900449F8D /* GoogleService-Info.plist */; };
		99D8E7272B8FCEF900449F8D /* GoogleService-Info.plist in Resources */ = {isa = PBXBuildFile; fileRef = 99D8E7252B8FCEF900449F8D /* GoogleService-Info.plist */; };
		BE0E089B2B873EE3005C848F /* PushToTalkManager.swift in Sources */ = {isa = PBXBuildFile; fileRef = BE0E089A2B873D7C005C848F /* PushToTalkManager.swift */; };
		E04CD52C2B87E79000AE3F23 /* WatchToothlessApp.swift in Sources */ = {isa = PBXBuildFile; fileRef = E04CD52B2B87E79000AE3F23 /* WatchToothlessApp.swift */; };
		E04CD5302B87E79100AE3F23 /* Assets.xcassets in Resources */ = {isa = PBXBuildFile; fileRef = E04CD52F2B87E79100AE3F23 /* Assets.xcassets */; };
		E04CD5332B87E79100AE3F23 /* Preview Assets.xcassets in Resources */ = {isa = PBXBuildFile; fileRef = E04CD5322B87E79100AE3F23 /* Preview Assets.xcassets */; };
		E04CD5362B87E79100AE3F23 /* WatchToothless Watch App.app in Embed Watch Content */ = {isa = PBXBuildFile; fileRef = E04CD5292B87E79000AE3F23 /* WatchToothless Watch App.app */; settings = {ATTRIBUTES = (RemoveHeadersOnCopy, ); }; };
		E04CD53B2B87E83200AE3F23 /* TimerViewWatch.swift in Sources */ = {isa = PBXBuildFile; fileRef = E08421AE2B87E4DA00EB795D /* TimerViewWatch.swift */; };
		E04CD5432B888D0400AE3F23 /* WelcomeView.swift in Sources */ = {isa = PBXBuildFile; fileRef = E04CD5422B888D0400AE3F23 /* WelcomeView.swift */; };
		E04D1F1D2B835C8000C8EFDD /* Toothless.swift in Sources */ = {isa = PBXBuildFile; fileRef = E04D1F1C2B835C8000C8EFDD /* Toothless.swift */; };
		E04D1F1F2B835D1B00C8EFDD /* TimerView.swift in Sources */ = {isa = PBXBuildFile; fileRef = E04D1F1E2B835D1B00C8EFDD /* TimerView.swift */; };
		E04D1F212B835D5600C8EFDD /* User.swift in Sources */ = {isa = PBXBuildFile; fileRef = E04D1F202B835D5600C8EFDD /* User.swift */; };
		E04D1F452B84B2A900C8EFDD /* RingView.swift in Sources */ = {isa = PBXBuildFile; fileRef = E04D1F442B84B2A900C8EFDD /* RingView.swift */; };
		E09286152B7F591F00BD1788 /* ToothlessApp.swift in Sources */ = {isa = PBXBuildFile; fileRef = E09286142B7F591F00BD1788 /* ToothlessApp.swift */; };
		E09286172B7F591F00BD1788 /* ContentView.swift in Sources */ = {isa = PBXBuildFile; fileRef = E09286162B7F591F00BD1788 /* ContentView.swift */; };
		E09286192B7F592000BD1788 /* Assets.xcassets in Resources */ = {isa = PBXBuildFile; fileRef = E09286182B7F592000BD1788 /* Assets.xcassets */; };
		E092861C2B7F592000BD1788 /* Preview Assets.xcassets in Resources */ = {isa = PBXBuildFile; fileRef = E092861B2B7F592000BD1788 /* Preview Assets.xcassets */; };
/* End PBXBuildFile section */

/* Begin PBXContainerItemProxy section */
		E04CD5342B87E79100AE3F23 /* PBXContainerItemProxy */ = {
			isa = PBXContainerItemProxy;
			containerPortal = E09286092B7F591F00BD1788 /* Project object */;
			proxyType = 1;
			remoteGlobalIDString = E04CD5282B87E79000AE3F23;
			remoteInfo = "WatchToothless Watch App";
		};
/* End PBXContainerItemProxy section */

/* Begin PBXCopyFilesBuildPhase section */
		E04CD53A2B87E79100AE3F23 /* Embed Watch Content */ = {
			isa = PBXCopyFilesBuildPhase;
			buildActionMask = 2147483647;
			dstPath = "$(CONTENTS_FOLDER_PATH)/Watch";
			dstSubfolderSpec = 16;
			files = (
				E04CD5362B87E79100AE3F23 /* WatchToothless Watch App.app in Embed Watch Content */,
			);
			name = "Embed Watch Content";
			runOnlyForDeploymentPostprocessing = 0;
		};
/* End PBXCopyFilesBuildPhase section */

/* Begin PBXFileReference section */
		173376F22B8F25D5009D05AC /* hold.gif */ = {isa = PBXFileReference; lastKnownFileType = image.gif; name = hold.gif; path = ../../../../../Downloads/hold.gif; sourceTree = "<group>"; };
		173376F32B8F25D5009D05AC /* tap.gif */ = {isa = PBXFileReference; lastKnownFileType = image.gif; name = tap.gif; path = ../../../../../Downloads/tap.gif; sourceTree = "<group>"; };
		1763FA852B860400005BC39C /* MapView.swift */ = {isa = PBXFileReference; lastKnownFileType = sourcecode.swift; path = MapView.swift; sourceTree = "<group>"; };
		176B44222B7F97CD0029879D /* InfoBoardingView.swift */ = {isa = PBXFileReference; lastKnownFileType = sourcecode.swift; path = InfoBoardingView.swift; sourceTree = "<group>"; };
		176B44242B7F97F30029879D /* OnBoardingView.swift */ = {isa = PBXFileReference; lastKnownFileType = sourcecode.swift; path = OnBoardingView.swift; sourceTree = "<group>"; };
		176B44322B834C5C0029879D /* ModalView.swift */ = {isa = PBXFileReference; lastKnownFileType = sourcecode.swift; path = ModalView.swift; sourceTree = "<group>"; };
		176B44342B834C920029879D /* MapViewModel.swift */ = {isa = PBXFileReference; lastKnownFileType = sourcecode.swift; path = MapViewModel.swift; sourceTree = "<group>"; };
		176B44362B834CBF0029879D /* UserProfileView.swift */ = {isa = PBXFileReference; lastKnownFileType = sourcecode.swift; path = UserProfileView.swift; sourceTree = "<group>"; };
		176B44382B834CE40029879D /* ButtonHomeView.swift */ = {isa = PBXFileReference; lastKnownFileType = sourcecode.swift; path = ButtonHomeView.swift; sourceTree = "<group>"; };
		176B443A2B83531B0029879D /* Info.plist */ = {isa = PBXFileReference; lastKnownFileType = text.plist.xml; name = Info.plist; path = ../Info.plist; sourceTree = "<group>"; };
		17F449992B8F4BA400E29688 /* InfoPointView.swift */ = {isa = PBXFileReference; lastKnownFileType = sourcecode.swift; path = InfoPointView.swift; sourceTree = "<group>"; };
		991F74DE2B875BF80092EA9D /* Extensions2.swift */ = {isa = PBXFileReference; lastKnownFileType = sourcecode.swift; path = Extensions2.swift; sourceTree = "<group>"; };
		991F74E02B87E12F0092EA9D /* PageView.swift */ = {isa = PBXFileReference; lastKnownFileType = sourcecode.swift; path = PageView.swift; sourceTree = "<group>"; };
		991F74E22B87E1490092EA9D /* PageModel.swift */ = {isa = PBXFileReference; lastKnownFileType = sourcecode.swift; path = PageModel.swift; sourceTree = "<group>"; };
		9937CD222B9087CF007ABEF1 /* AppleSignIN.swift */ = {isa = PBXFileReference; lastKnownFileType = sourcecode.swift; path = AppleSignIN.swift; sourceTree = "<group>"; };
		99A6538F2B8DF53C0038C1D4 /* GIFImage.swift */ = {isa = PBXFileReference; lastKnownFileType = sourcecode.swift; path = GIFImage.swift; sourceTree = "<group>"; };
		99A653912B8DF8810038C1D4 /* GiFFF.swift */ = {isa = PBXFileReference; lastKnownFileType = sourcecode.swift; path = GiFFF.swift; sourceTree = "<group>"; };
		99A653932B8E1EC00038C1D4 /* map.gif */ = {isa = PBXFileReference; lastKnownFileType = image.gif; path = map.gif; sourceTree = "<group>"; };
		99D05C802B81640F00E96315 /* Extensions.swift */ = {isa = PBXFileReference; lastKnownFileType = sourcecode.swift; path = Extensions.swift; sourceTree = "<group>"; };
		99D8E7252B8FCEF900449F8D /* GoogleService-Info.plist */ = {isa = PBXFileReference; fileEncoding = 4; lastKnownFileType = text.plist.xml; path = "GoogleService-Info.plist"; sourceTree = "<group>"; };
		99D8E7282B8FDD5E00449F8D /* WatchToothless-Watch-App-Info.plist */ = {isa = PBXFileReference; lastKnownFileType = text.plist; path = "WatchToothless-Watch-App-Info.plist"; sourceTree = SOURCE_ROOT; };
		99D8E7292B8FDD6600449F8D /* WatchToothless Watch App.entitlements */ = {isa = PBXFileReference; lastKnownFileType = text.plist.entitlements; path = "WatchToothless Watch App.entitlements"; sourceTree = "<group>"; };
		BE0E089A2B873D7C005C848F /* PushToTalkManager.swift */ = {isa = PBXFileReference; lastKnownFileType = sourcecode.swift; path = PushToTalkManager.swift; sourceTree = "<group>"; };
		BEAECC6B2B8371AD003C3A6A /* Toothless.entitlements */ = {isa = PBXFileReference; lastKnownFileType = text.plist.entitlements; path = Toothless.entitlements; sourceTree = "<group>"; };
		E04CD5292B87E79000AE3F23 /* WatchToothless Watch App.app */ = {isa = PBXFileReference; explicitFileType = wrapper.application; includeInIndex = 0; path = "WatchToothless Watch App.app"; sourceTree = BUILT_PRODUCTS_DIR; };
		E04CD52B2B87E79000AE3F23 /* WatchToothlessApp.swift */ = {isa = PBXFileReference; lastKnownFileType = sourcecode.swift; path = WatchToothlessApp.swift; sourceTree = "<group>"; };
		E04CD52F2B87E79100AE3F23 /* Assets.xcassets */ = {isa = PBXFileReference; lastKnownFileType = folder.assetcatalog; path = Assets.xcassets; sourceTree = "<group>"; };
		E04CD5322B87E79100AE3F23 /* Preview Assets.xcassets */ = {isa = PBXFileReference; lastKnownFileType = folder.assetcatalog; path = "Preview Assets.xcassets"; sourceTree = "<group>"; };
		E04CD5422B888D0400AE3F23 /* WelcomeView.swift */ = {isa = PBXFileReference; lastKnownFileType = sourcecode.swift; path = WelcomeView.swift; sourceTree = "<group>"; };
		E04D1F1C2B835C8000C8EFDD /* Toothless.swift */ = {isa = PBXFileReference; lastKnownFileType = sourcecode.swift; path = Toothless.swift; sourceTree = "<group>"; };
		E04D1F1E2B835D1B00C8EFDD /* TimerView.swift */ = {isa = PBXFileReference; lastKnownFileType = sourcecode.swift; path = TimerView.swift; sourceTree = "<group>"; };
		E04D1F202B835D5600C8EFDD /* User.swift */ = {isa = PBXFileReference; lastKnownFileType = sourcecode.swift; path = User.swift; sourceTree = "<group>"; };
		E04D1F442B84B2A900C8EFDD /* RingView.swift */ = {isa = PBXFileReference; lastKnownFileType = sourcecode.swift; path = RingView.swift; sourceTree = "<group>"; };
		E08421AE2B87E4DA00EB795D /* TimerViewWatch.swift */ = {isa = PBXFileReference; lastKnownFileType = sourcecode.swift; path = TimerViewWatch.swift; sourceTree = "<group>"; };
		E09286112B7F591F00BD1788 /* Toothless.app */ = {isa = PBXFileReference; explicitFileType = wrapper.application; includeInIndex = 0; path = Toothless.app; sourceTree = BUILT_PRODUCTS_DIR; };
		E09286142B7F591F00BD1788 /* ToothlessApp.swift */ = {isa = PBXFileReference; lastKnownFileType = sourcecode.swift; path = ToothlessApp.swift; sourceTree = "<group>"; };
		E09286162B7F591F00BD1788 /* ContentView.swift */ = {isa = PBXFileReference; lastKnownFileType = sourcecode.swift; path = ContentView.swift; sourceTree = "<group>"; };
		E09286182B7F592000BD1788 /* Assets.xcassets */ = {isa = PBXFileReference; lastKnownFileType = folder.assetcatalog; path = Assets.xcassets; sourceTree = "<group>"; };
		E092861B2B7F592000BD1788 /* Preview Assets.xcassets */ = {isa = PBXFileReference; lastKnownFileType = folder.assetcatalog; path = "Preview Assets.xcassets"; sourceTree = "<group>"; };
/* End PBXFileReference section */

/* Begin PBXFrameworksBuildPhase section */
		E04CD5262B87E79000AE3F23 /* Frameworks */ = {
			isa = PBXFrameworksBuildPhase;
			buildActionMask = 2147483647;
			files = (
			);
			runOnlyForDeploymentPostprocessing = 0;
		};
		E092860E2B7F591F00BD1788 /* Frameworks */ = {
			isa = PBXFrameworksBuildPhase;
			buildActionMask = 2147483647;
			files = (
				99A040992B8FB37A00099984 /* FirebaseMessaging in Frameworks */,
				99A040972B8FB37A00099984 /* FirebaseAnalytics in Frameworks */,
				99A0409B2B8FB37A00099984 /* FirebaseStorage in Frameworks */,
			);
			runOnlyForDeploymentPostprocessing = 0;
		};
/* End PBXFrameworksBuildPhase section */

/* Begin PBXGroup section */
		E04CD52A2B87E79000AE3F23 /* WatchToothless Watch App */ = {
			isa = PBXGroup;
			children = (
				99D8E7292B8FDD6600449F8D /* WatchToothless Watch App.entitlements */,
				99D8E7282B8FDD5E00449F8D /* WatchToothless-Watch-App-Info.plist */,
				E04CD52B2B87E79000AE3F23 /* WatchToothlessApp.swift */,
				E04CD5402B87ECC300AE3F23 /* Views */,
				E04CD52F2B87E79100AE3F23 /* Assets.xcassets */,
				E04CD5312B87E79100AE3F23 /* Preview Content */,
			);
			path = "WatchToothless Watch App";
			sourceTree = "<group>";
		};
		E04CD5312B87E79100AE3F23 /* Preview Content */ = {
			isa = PBXGroup;
			children = (
				E04CD5322B87E79100AE3F23 /* Preview Assets.xcassets */,
			);
			path = "Preview Content";
			sourceTree = "<group>";
		};
		E04CD5402B87ECC300AE3F23 /* Views */ = {
			isa = PBXGroup;
			children = (
				E08421AE2B87E4DA00EB795D /* TimerViewWatch.swift */,
			);
			path = Views;
			sourceTree = "<group>";
		};
		E04D1F192B835C3900C8EFDD /* Store */ = {
			isa = PBXGroup;
			children = (
				BE0E089A2B873D7C005C848F /* PushToTalkManager.swift */,
				176B44342B834C920029879D /* MapViewModel.swift */,
				99D05C802B81640F00E96315 /* Extensions.swift */,
				991F74DE2B875BF80092EA9D /* Extensions2.swift */,
				E04D1F202B835D5600C8EFDD /* User.swift */,
			);
			path = Store;
			sourceTree = "<group>";
		};
		E04D1F1A2B835C4200C8EFDD /* Componentes */ = {
			isa = PBXGroup;
			children = (
				99A6538F2B8DF53C0038C1D4 /* GIFImage.swift */,
				991F74E02B87E12F0092EA9D /* PageView.swift */,
				99A653912B8DF8810038C1D4 /* GiFFF.swift */,
				991F74E22B87E1490092EA9D /* PageModel.swift */,
				176B44222B7F97CD0029879D /* InfoBoardingView.swift */,
				176B44382B834CE40029879D /* ButtonHomeView.swift */,
				E04D1F442B84B2A900C8EFDD /* RingView.swift */,
				1763FA852B860400005BC39C /* MapView.swift */,
				17F449992B8F4BA400E29688 /* InfoPointView.swift */,
			);
			path = Componentes;
			sourceTree = "<group>";
		};
		E04D1F1B2B835C4A00C8EFDD /* Views */ = {
			isa = PBXGroup;
			children = (
				176B44242B7F97F30029879D /* OnBoardingView.swift */,
				E04D1F1E2B835D1B00C8EFDD /* TimerView.swift */,
				176B44362B834CBF0029879D /* UserProfileView.swift */,
				E09286162B7F591F00BD1788 /* ContentView.swift */,
				176B44322B834C5C0029879D /* ModalView.swift */,
				E04CD5422B888D0400AE3F23 /* WelcomeView.swift */,
				9937CD222B9087CF007ABEF1 /* AppleSignIN.swift */,
			);
			path = Views;
			sourceTree = "<group>";
		};
		E09286082B7F591F00BD1788 = {
			isa = PBXGroup;
			children = (
				E09286132B7F591F00BD1788 /* Toothless */,
				E04CD52A2B87E79000AE3F23 /* WatchToothless Watch App */,
				E09286122B7F591F00BD1788 /* Products */,
			);
			sourceTree = "<group>";
		};
		E09286122B7F591F00BD1788 /* Products */ = {
			isa = PBXGroup;
			children = (
				E09286112B7F591F00BD1788 /* Toothless.app */,
				E04CD5292B87E79000AE3F23 /* WatchToothless Watch App.app */,
			);
			name = Products;
			sourceTree = "<group>";
		};
		E09286132B7F591F00BD1788 /* Toothless */ = {
			isa = PBXGroup;
			children = (
				176B443A2B83531B0029879D /* Info.plist */,
				99D8E7252B8FCEF900449F8D /* GoogleService-Info.plist */,
				BEAECC6B2B8371AD003C3A6A /* Toothless.entitlements */,
				E09286142B7F591F00BD1788 /* ToothlessApp.swift */,
				E04D1F1C2B835C8000C8EFDD /* Toothless.swift */,
				E04D1F1B2B835C4A00C8EFDD /* Views */,
				E04D1F1A2B835C4200C8EFDD /* Componentes */,
				E04D1F192B835C3900C8EFDD /* Store */,
				E09286182B7F592000BD1788 /* Assets.xcassets */,
				173376F22B8F25D5009D05AC /* hold.gif */,
				173376F32B8F25D5009D05AC /* tap.gif */,
				99A653932B8E1EC00038C1D4 /* map.gif */,
				E092861A2B7F592000BD1788 /* Preview Content */,
			);
			path = Toothless;
			sourceTree = "<group>";
		};
		E092861A2B7F592000BD1788 /* Preview Content */ = {
			isa = PBXGroup;
			children = (
				E092861B2B7F592000BD1788 /* Preview Assets.xcassets */,
			);
			path = "Preview Content";
			sourceTree = "<group>";
		};
/* End PBXGroup section */

/* Begin PBXNativeTarget section */
		E04CD5282B87E79000AE3F23 /* WatchToothless Watch App */ = {
			isa = PBXNativeTarget;
			buildConfigurationList = E04CD5372B87E79100AE3F23 /* Build configuration list for PBXNativeTarget "WatchToothless Watch App" */;
			buildPhases = (
				E04CD5252B87E79000AE3F23 /* Sources */,
				E04CD5262B87E79000AE3F23 /* Frameworks */,
				E04CD5272B87E79000AE3F23 /* Resources */,
			);
			buildRules = (
			);
			dependencies = (
			);
			name = "WatchToothless Watch App";
			productName = "WatchToothless Watch App";
			productReference = E04CD5292B87E79000AE3F23 /* WatchToothless Watch App.app */;
			productType = "com.apple.product-type.application";
		};
		E09286102B7F591F00BD1788 /* Toothless */ = {
			isa = PBXNativeTarget;
			buildConfigurationList = E092861F2B7F592000BD1788 /* Build configuration list for PBXNativeTarget "Toothless" */;
			buildPhases = (
				E092860D2B7F591F00BD1788 /* Sources */,
				E092860E2B7F591F00BD1788 /* Frameworks */,
				E092860F2B7F591F00BD1788 /* Resources */,
				E04CD53A2B87E79100AE3F23 /* Embed Watch Content */,
			);
			buildRules = (
			);
			dependencies = (
				E04CD5352B87E79100AE3F23 /* PBXTargetDependency */,
			);
			name = Toothless;
			packageProductDependencies = (
				99A040962B8FB37A00099984 /* FirebaseAnalytics */,
				99A040982B8FB37A00099984 /* FirebaseMessaging */,
				99A0409A2B8FB37A00099984 /* FirebaseStorage */,
			);
			productName = Toothless;
			productReference = E09286112B7F591F00BD1788 /* Toothless.app */;
			productType = "com.apple.product-type.application";
		};
/* End PBXNativeTarget section */

/* Begin PBXProject section */
		E09286092B7F591F00BD1788 /* Project object */ = {
			isa = PBXProject;
			attributes = {
				BuildIndependentTargetsInParallel = 1;
				LastSwiftUpdateCheck = 1520;
				LastUpgradeCheck = 1520;
				TargetAttributes = {
					E04CD5282B87E79000AE3F23 = {
						CreatedOnToolsVersion = 15.2;
					};
					E09286102B7F591F00BD1788 = {
						CreatedOnToolsVersion = 15.2;
					};
				};
			};
			buildConfigurationList = E092860C2B7F591F00BD1788 /* Build configuration list for PBXProject "Toothless" */;
			compatibilityVersion = "Xcode 14.0";
			developmentRegion = en;
			hasScannedForEncodings = 0;
			knownRegions = (
				en,
				Base,
				it,
			);
			mainGroup = E09286082B7F591F00BD1788;
			packageReferences = (
				99A040952B8FB37A00099984 /* XCRemoteSwiftPackageReference "firebase-ios-sdk" */,
			);
			productRefGroup = E09286122B7F591F00BD1788 /* Products */;
			projectDirPath = "";
			projectRoot = "";
			targets = (
				E09286102B7F591F00BD1788 /* Toothless */,
				E04CD5282B87E79000AE3F23 /* WatchToothless Watch App */,
			);
		};
/* End PBXProject section */

/* Begin PBXResourcesBuildPhase section */
		E04CD5272B87E79000AE3F23 /* Resources */ = {
			isa = PBXResourcesBuildPhase;
			buildActionMask = 2147483647;
			files = (
				99D8E7272B8FCEF900449F8D /* GoogleService-Info.plist in Resources */,
				E04CD5332B87E79100AE3F23 /* Preview Assets.xcassets in Resources */,
				E04CD5302B87E79100AE3F23 /* Assets.xcassets in Resources */,
			);
			runOnlyForDeploymentPostprocessing = 0;
		};
		E092860F2B7F591F00BD1788 /* Resources */ = {
			isa = PBXResourcesBuildPhase;
			buildActionMask = 2147483647;
			files = (
				99D8E7262B8FCEF900449F8D /* GoogleService-Info.plist in Resources */,
				173376F52B8F25D5009D05AC /* tap.gif in Resources */,
				173376F42B8F25D5009D05AC /* hold.gif in Resources */,
				99A653942B8E1EC00038C1D4 /* map.gif in Resources */,
				E092861C2B7F592000BD1788 /* Preview Assets.xcassets in Resources */,
				E09286192B7F592000BD1788 /* Assets.xcassets in Resources */,
			);
			runOnlyForDeploymentPostprocessing = 0;
		};
/* End PBXResourcesBuildPhase section */

/* Begin PBXSourcesBuildPhase section */
		E04CD5252B87E79000AE3F23 /* Sources */ = {
			isa = PBXSourcesBuildPhase;
			buildActionMask = 2147483647;
			files = (
				E04CD52C2B87E79000AE3F23 /* WatchToothlessApp.swift in Sources */,
				E04CD53B2B87E83200AE3F23 /* TimerViewWatch.swift in Sources */,
			);
			runOnlyForDeploymentPostprocessing = 0;
		};
		E092860D2B7F591F00BD1788 /* Sources */ = {
			isa = PBXSourcesBuildPhase;
			buildActionMask = 2147483647;
			files = (
				176B44332B834C5C0029879D /* ModalView.swift in Sources */,
				99D05C812B81640F00E96315 /* Extensions.swift in Sources */,
				E09286172B7F591F00BD1788 /* ContentView.swift in Sources */,
				176B44372B834CBF0029879D /* UserProfileView.swift in Sources */,
				991F74E32B87E1490092EA9D /* PageModel.swift in Sources */,
				E04D1F452B84B2A900C8EFDD /* RingView.swift in Sources */,
				176B44252B7F97F30029879D /* OnBoardingView.swift in Sources */,
				E04D1F1D2B835C8000C8EFDD /* Toothless.swift in Sources */,
				1763FA862B860400005BC39C /* MapView.swift in Sources */,
				E04D1F1F2B835D1B00C8EFDD /* TimerView.swift in Sources */,
				99A653902B8DF53C0038C1D4 /* GIFImage.swift in Sources */,
				BE0E089B2B873EE3005C848F /* PushToTalkManager.swift in Sources */,
				176B44352B834C920029879D /* MapViewModel.swift in Sources */,
				E04D1F212B835D5600C8EFDD /* User.swift in Sources */,
				991F74DF2B875BF80092EA9D /* Extensions2.swift in Sources */,
				E09286152B7F591F00BD1788 /* ToothlessApp.swift in Sources */,
				176B44232B7F97CD0029879D /* InfoBoardingView.swift in Sources */,
				991F74E12B87E12F0092EA9D /* PageView.swift in Sources */,
				99A653922B8DF8810038C1D4 /* GiFFF.swift in Sources */,
				17F4499A2B8F4BA400E29688 /* InfoPointView.swift in Sources */,
				176B44392B834CE40029879D /* ButtonHomeView.swift in Sources */,
				9937CD232B9087CF007ABEF1 /* AppleSignIN.swift in Sources */,
				E04CD5432B888D0400AE3F23 /* WelcomeView.swift in Sources */,
			);
			runOnlyForDeploymentPostprocessing = 0;
		};
/* End PBXSourcesBuildPhase section */

/* Begin PBXTargetDependency section */
		E04CD5352B87E79100AE3F23 /* PBXTargetDependency */ = {
			isa = PBXTargetDependency;
			target = E04CD5282B87E79000AE3F23 /* WatchToothless Watch App */;
			targetProxy = E04CD5342B87E79100AE3F23 /* PBXContainerItemProxy */;
		};
/* End PBXTargetDependency section */

/* Begin XCBuildConfiguration section */
		E04CD5382B87E79100AE3F23 /* Debug */ = {
			isa = XCBuildConfiguration;
			buildSettings = {
				ASSETCATALOG_COMPILER_APPICON_NAME = AppIcon;
				ASSETCATALOG_COMPILER_GLOBAL_ACCENT_COLOR_NAME = AccentColor;
				CODE_SIGN_ENTITLEMENTS = "WatchToothless Watch App/WatchToothless Watch App.entitlements";
				CODE_SIGN_IDENTITY = "Apple Development";
				CODE_SIGN_STYLE = Automatic;
				CURRENT_PROJECT_VERSION = 1;
				DEVELOPMENT_ASSET_PATHS = "\"WatchToothless Watch App/Preview Content\"";
				DEVELOPMENT_TEAM = AWX4HJ7JT5;
				ENABLE_PREVIEWS = YES;
				GENERATE_INFOPLIST_FILE = YES;
				INFOPLIST_FILE = "WatchToothless-Watch-App-Info.plist";
				INFOPLIST_KEY_CFBundleDisplayName = WatchToothless;
				INFOPLIST_KEY_UISupportedInterfaceOrientations = "UIInterfaceOrientationPortrait UIInterfaceOrientationPortraitUpsideDown";
				INFOPLIST_KEY_WKCompanionAppBundleIdentifier = com.yurigianoli.Toothless;
				LD_RUNPATH_SEARCH_PATHS = (
					"$(inherited)",
					"@executable_path/Frameworks",
				);
				MARKETING_VERSION = 1.0;
				PRODUCT_BUNDLE_IDENTIFIER = com.yurigianoli.Toothless.watchkitappp;
				PRODUCT_NAME = "$(TARGET_NAME)";
				SDKROOT = watchos;
				SKIP_INSTALL = YES;
				SWIFT_EMIT_LOC_STRINGS = YES;
				SWIFT_VERSION = 5.0;
				TARGETED_DEVICE_FAMILY = 4;
				WATCHOS_DEPLOYMENT_TARGET = 10.2;
			};
			name = Debug;
		};
		E04CD5392B87E79100AE3F23 /* Release */ = {
			isa = XCBuildConfiguration;
			buildSettings = {
				ASSETCATALOG_COMPILER_APPICON_NAME = AppIcon;
				ASSETCATALOG_COMPILER_GLOBAL_ACCENT_COLOR_NAME = AccentColor;
				CODE_SIGN_ENTITLEMENTS = "WatchToothless Watch App/WatchToothless Watch App.entitlements";
				CODE_SIGN_IDENTITY = "Apple Development";
				CODE_SIGN_STYLE = Automatic;
				CURRENT_PROJECT_VERSION = 1;
				DEVELOPMENT_ASSET_PATHS = "\"WatchToothless Watch App/Preview Content\"";
				DEVELOPMENT_TEAM = AWX4HJ7JT5;
				ENABLE_PREVIEWS = YES;
				GENERATE_INFOPLIST_FILE = YES;
				INFOPLIST_FILE = "WatchToothless-Watch-App-Info.plist";
				INFOPLIST_KEY_CFBundleDisplayName = WatchToothless;
				INFOPLIST_KEY_UISupportedInterfaceOrientations = "UIInterfaceOrientationPortrait UIInterfaceOrientationPortraitUpsideDown";
				INFOPLIST_KEY_WKCompanionAppBundleIdentifier = com.yurigianoli.Toothless;
				LD_RUNPATH_SEARCH_PATHS = (
					"$(inherited)",
					"@executable_path/Frameworks",
				);
				MARKETING_VERSION = 1.0;
				PRODUCT_BUNDLE_IDENTIFIER = com.yurigianoli.Toothless.watchkitappp;
				PRODUCT_NAME = "$(TARGET_NAME)";
				SDKROOT = watchos;
				SKIP_INSTALL = YES;
				SWIFT_EMIT_LOC_STRINGS = YES;
				SWIFT_VERSION = 5.0;
				TARGETED_DEVICE_FAMILY = 4;
				WATCHOS_DEPLOYMENT_TARGET = 10.2;
			};
			name = Release;
		};
		E092861D2B7F592000BD1788 /* Debug */ = {
			isa = XCBuildConfiguration;
			buildSettings = {
				ALWAYS_SEARCH_USER_PATHS = NO;
				ASSETCATALOG_COMPILER_GENERATE_SWIFT_ASSET_SYMBOL_EXTENSIONS = YES;
				CLANG_ANALYZER_NONNULL = YES;
				CLANG_ANALYZER_NUMBER_OBJECT_CONVERSION = YES_AGGRESSIVE;
				CLANG_CXX_LANGUAGE_STANDARD = "gnu++20";
				CLANG_ENABLE_MODULES = YES;
				CLANG_ENABLE_OBJC_ARC = YES;
				CLANG_ENABLE_OBJC_WEAK = YES;
				CLANG_WARN_BLOCK_CAPTURE_AUTORELEASING = YES;
				CLANG_WARN_BOOL_CONVERSION = YES;
				CLANG_WARN_COMMA = YES;
				CLANG_WARN_CONSTANT_CONVERSION = YES;
				CLANG_WARN_DEPRECATED_OBJC_IMPLEMENTATIONS = YES;
				CLANG_WARN_DIRECT_OBJC_ISA_USAGE = YES_ERROR;
				CLANG_WARN_DOCUMENTATION_COMMENTS = YES;
				CLANG_WARN_EMPTY_BODY = YES;
				CLANG_WARN_ENUM_CONVERSION = YES;
				CLANG_WARN_INFINITE_RECURSION = YES;
				CLANG_WARN_INT_CONVERSION = YES;
				CLANG_WARN_NON_LITERAL_NULL_CONVERSION = YES;
				CLANG_WARN_OBJC_IMPLICIT_RETAIN_SELF = YES;
				CLANG_WARN_OBJC_LITERAL_CONVERSION = YES;
				CLANG_WARN_OBJC_ROOT_CLASS = YES_ERROR;
				CLANG_WARN_QUOTED_INCLUDE_IN_FRAMEWORK_HEADER = YES;
				CLANG_WARN_RANGE_LOOP_ANALYSIS = YES;
				CLANG_WARN_STRICT_PROTOTYPES = YES;
				CLANG_WARN_SUSPICIOUS_MOVE = YES;
				CLANG_WARN_UNGUARDED_AVAILABILITY = YES_AGGRESSIVE;
				CLANG_WARN_UNREACHABLE_CODE = YES;
				CLANG_WARN__DUPLICATE_METHOD_MATCH = YES;
				COPY_PHASE_STRIP = NO;
				DEBUG_INFORMATION_FORMAT = dwarf;
				ENABLE_STRICT_OBJC_MSGSEND = YES;
				ENABLE_TESTABILITY = YES;
				ENABLE_USER_SCRIPT_SANDBOXING = YES;
				GCC_C_LANGUAGE_STANDARD = gnu17;
				GCC_DYNAMIC_NO_PIC = NO;
				GCC_NO_COMMON_BLOCKS = YES;
				GCC_OPTIMIZATION_LEVEL = 0;
				GCC_PREPROCESSOR_DEFINITIONS = (
					"DEBUG=1",
					"$(inherited)",
				);
				GCC_WARN_64_TO_32_BIT_CONVERSION = YES;
				GCC_WARN_ABOUT_RETURN_TYPE = YES_ERROR;
				GCC_WARN_UNDECLARED_SELECTOR = YES;
				GCC_WARN_UNINITIALIZED_AUTOS = YES_AGGRESSIVE;
				GCC_WARN_UNUSED_FUNCTION = YES;
				GCC_WARN_UNUSED_VARIABLE = YES;
				IPHONEOS_DEPLOYMENT_TARGET = 17.2;
				LOCALIZATION_PREFERS_STRING_CATALOGS = YES;
				MTL_ENABLE_DEBUG_INFO = INCLUDE_SOURCE;
				MTL_FAST_MATH = YES;
				ONLY_ACTIVE_ARCH = YES;
				SDKROOT = iphoneos;
				SWIFT_ACTIVE_COMPILATION_CONDITIONS = "DEBUG $(inherited)";
				SWIFT_OPTIMIZATION_LEVEL = "-Onone";
			};
			name = Debug;
		};
		E092861E2B7F592000BD1788 /* Release */ = {
			isa = XCBuildConfiguration;
			buildSettings = {
				ALWAYS_SEARCH_USER_PATHS = NO;
				ASSETCATALOG_COMPILER_GENERATE_SWIFT_ASSET_SYMBOL_EXTENSIONS = YES;
				CLANG_ANALYZER_NONNULL = YES;
				CLANG_ANALYZER_NUMBER_OBJECT_CONVERSION = YES_AGGRESSIVE;
				CLANG_CXX_LANGUAGE_STANDARD = "gnu++20";
				CLANG_ENABLE_MODULES = YES;
				CLANG_ENABLE_OBJC_ARC = YES;
				CLANG_ENABLE_OBJC_WEAK = YES;
				CLANG_WARN_BLOCK_CAPTURE_AUTORELEASING = YES;
				CLANG_WARN_BOOL_CONVERSION = YES;
				CLANG_WARN_COMMA = YES;
				CLANG_WARN_CONSTANT_CONVERSION = YES;
				CLANG_WARN_DEPRECATED_OBJC_IMPLEMENTATIONS = YES;
				CLANG_WARN_DIRECT_OBJC_ISA_USAGE = YES_ERROR;
				CLANG_WARN_DOCUMENTATION_COMMENTS = YES;
				CLANG_WARN_EMPTY_BODY = YES;
				CLANG_WARN_ENUM_CONVERSION = YES;
				CLANG_WARN_INFINITE_RECURSION = YES;
				CLANG_WARN_INT_CONVERSION = YES;
				CLANG_WARN_NON_LITERAL_NULL_CONVERSION = YES;
				CLANG_WARN_OBJC_IMPLICIT_RETAIN_SELF = YES;
				CLANG_WARN_OBJC_LITERAL_CONVERSION = YES;
				CLANG_WARN_OBJC_ROOT_CLASS = YES_ERROR;
				CLANG_WARN_QUOTED_INCLUDE_IN_FRAMEWORK_HEADER = YES;
				CLANG_WARN_RANGE_LOOP_ANALYSIS = YES;
				CLANG_WARN_STRICT_PROTOTYPES = YES;
				CLANG_WARN_SUSPICIOUS_MOVE = YES;
				CLANG_WARN_UNGUARDED_AVAILABILITY = YES_AGGRESSIVE;
				CLANG_WARN_UNREACHABLE_CODE = YES;
				CLANG_WARN__DUPLICATE_METHOD_MATCH = YES;
				COPY_PHASE_STRIP = NO;
				DEBUG_INFORMATION_FORMAT = "dwarf-with-dsym";
				ENABLE_NS_ASSERTIONS = NO;
				ENABLE_STRICT_OBJC_MSGSEND = YES;
				ENABLE_USER_SCRIPT_SANDBOXING = YES;
				GCC_C_LANGUAGE_STANDARD = gnu17;
				GCC_NO_COMMON_BLOCKS = YES;
				GCC_WARN_64_TO_32_BIT_CONVERSION = YES;
				GCC_WARN_ABOUT_RETURN_TYPE = YES_ERROR;
				GCC_WARN_UNDECLARED_SELECTOR = YES;
				GCC_WARN_UNINITIALIZED_AUTOS = YES_AGGRESSIVE;
				GCC_WARN_UNUSED_FUNCTION = YES;
				GCC_WARN_UNUSED_VARIABLE = YES;
				IPHONEOS_DEPLOYMENT_TARGET = 17.2;
				LOCALIZATION_PREFERS_STRING_CATALOGS = YES;
				MTL_ENABLE_DEBUG_INFO = NO;
				MTL_FAST_MATH = YES;
				SDKROOT = iphoneos;
				SWIFT_COMPILATION_MODE = wholemodule;
				VALIDATE_PRODUCT = YES;
			};
			name = Release;
		};
		E09286202B7F592000BD1788 /* Debug */ = {
			isa = XCBuildConfiguration;
			buildSettings = {
				ALWAYS_EMBED_SWIFT_STANDARD_LIBRARIES = YES;
				ASSETCATALOG_COMPILER_APPICON_NAME = AppIcon;
				ASSETCATALOG_COMPILER_GLOBAL_ACCENT_COLOR_NAME = AccentColor;
				CODE_SIGN_ENTITLEMENTS = Toothless/Toothless.entitlements;
				CODE_SIGN_IDENTITY = "Apple Development";
				CODE_SIGN_STYLE = Automatic;
				CURRENT_PROJECT_VERSION = 1;
				DEVELOPMENT_ASSET_PATHS = "\"Toothless/Preview Content\"";
				DEVELOPMENT_TEAM = AWX4HJ7JT5;
				ENABLE_PREVIEWS = YES;
				GENERATE_INFOPLIST_FILE = YES;
				INFOPLIST_FILE = Toothless/Info.plist;
				INFOPLIST_KEY_CFBundleDisplayName = "";
				INFOPLIST_KEY_LSApplicationCategoryType = "public.app-category.utilities";
				INFOPLIST_KEY_NSLocationWhenInUseUsageDescription = "Use the live position on the map";
				INFOPLIST_KEY_NSMicrophoneUsageDescription = "The usage of the microphone is required for accessing the Push To Talk \"Walkie Talkie\" feature";
				INFOPLIST_KEY_UIApplicationSceneManifest_Generation = YES;
				INFOPLIST_KEY_UIApplicationSupportsIndirectInputEvents = YES;
				INFOPLIST_KEY_UILaunchScreen_Generation = YES;
				INFOPLIST_KEY_UISupportedInterfaceOrientations = UIInterfaceOrientationPortrait;
				LD_RUNPATH_SEARCH_PATHS = (
					"$(inherited)",
					"@executable_path/Frameworks",
				);
				MARKETING_VERSION = 1.0;
				PRODUCT_BUNDLE_IDENTIFIER = com.yurigianoli.Toothless;
				PRODUCT_NAME = "$(TARGET_NAME)";
				PROVISIONING_PROFILE_SPECIFIER = "";
				SUPPORTED_PLATFORMS = "iphoneos iphonesimulator";
				SUPPORTS_MACCATALYST = NO;
				SUPPORTS_MAC_DESIGNED_FOR_IPHONE_IPAD = NO;
				SUPPORTS_XR_DESIGNED_FOR_IPHONE_IPAD = NO;
				SWIFT_EMIT_LOC_STRINGS = YES;
				SWIFT_VERSION = 5.0;
				TARGETED_DEVICE_FAMILY = "1,4";
			};
			name = Debug;
		};
		E09286212B7F592000BD1788 /* Release */ = {
			isa = XCBuildConfiguration;
			buildSettings = {
				ALWAYS_EMBED_SWIFT_STANDARD_LIBRARIES = YES;
				ASSETCATALOG_COMPILER_APPICON_NAME = AppIcon;
				ASSETCATALOG_COMPILER_GLOBAL_ACCENT_COLOR_NAME = AccentColor;
				CODE_SIGN_ENTITLEMENTS = Toothless/Toothless.entitlements;
				CODE_SIGN_IDENTITY = "Apple Development";
				CODE_SIGN_STYLE = Automatic;
				CURRENT_PROJECT_VERSION = 1;
				DEVELOPMENT_ASSET_PATHS = "\"Toothless/Preview Content\"";
				DEVELOPMENT_TEAM = AWX4HJ7JT5;
				ENABLE_PREVIEWS = YES;
				GENERATE_INFOPLIST_FILE = YES;
				INFOPLIST_FILE = Toothless/Info.plist;
				INFOPLIST_KEY_CFBundleDisplayName = "";
				INFOPLIST_KEY_LSApplicationCategoryType = "public.app-category.utilities";
				INFOPLIST_KEY_NSLocationWhenInUseUsageDescription = "Use the live position on the map";
				INFOPLIST_KEY_NSMicrophoneUsageDescription = "The usage of the microphone is required for accessing the Push To Talk \"Walkie Talkie\" feature";
				INFOPLIST_KEY_UIApplicationSceneManifest_Generation = YES;
				INFOPLIST_KEY_UIApplicationSupportsIndirectInputEvents = YES;
				INFOPLIST_KEY_UILaunchScreen_Generation = YES;
				INFOPLIST_KEY_UISupportedInterfaceOrientations = UIInterfaceOrientationPortrait;
				LD_RUNPATH_SEARCH_PATHS = (
					"$(inherited)",
					"@executable_path/Frameworks",
				);
				MARKETING_VERSION = 1.0;
				PRODUCT_BUNDLE_IDENTIFIER = com.yurigianoli.Toothless;
				PRODUCT_NAME = "$(TARGET_NAME)";
				PROVISIONING_PROFILE_SPECIFIER = "";
				SUPPORTED_PLATFORMS = "iphoneos iphonesimulator";
				SUPPORTS_MACCATALYST = NO;
				SUPPORTS_MAC_DESIGNED_FOR_IPHONE_IPAD = NO;
				SUPPORTS_XR_DESIGNED_FOR_IPHONE_IPAD = NO;
				SWIFT_EMIT_LOC_STRINGS = YES;
				SWIFT_VERSION = 5.0;
				TARGETED_DEVICE_FAMILY = "1,4";
			};
			name = Release;
		};
/* End XCBuildConfiguration section */

/* Begin XCConfigurationList section */
		E04CD5372B87E79100AE3F23 /* Build configuration list for PBXNativeTarget "WatchToothless Watch App" */ = {
			isa = XCConfigurationList;
			buildConfigurations = (
				E04CD5382B87E79100AE3F23 /* Debug */,
				E04CD5392B87E79100AE3F23 /* Release */,
			);
			defaultConfigurationIsVisible = 0;
			defaultConfigurationName = Release;
		};
		E092860C2B7F591F00BD1788 /* Build configuration list for PBXProject "Toothless" */ = {
			isa = XCConfigurationList;
			buildConfigurations = (
				E092861D2B7F592000BD1788 /* Debug */,
				E092861E2B7F592000BD1788 /* Release */,
			);
			defaultConfigurationIsVisible = 0;
			defaultConfigurationName = Release;
		};
		E092861F2B7F592000BD1788 /* Build configuration list for PBXNativeTarget "Toothless" */ = {
			isa = XCConfigurationList;
			buildConfigurations = (
				E09286202B7F592000BD1788 /* Debug */,
				E09286212B7F592000BD1788 /* Release */,
			);
			defaultConfigurationIsVisible = 0;
			defaultConfigurationName = Release;
		};
/* End XCConfigurationList section */

/* Begin XCRemoteSwiftPackageReference section */
		99A040952B8FB37A00099984 /* XCRemoteSwiftPackageReference "firebase-ios-sdk" */ = {
			isa = XCRemoteSwiftPackageReference;
			repositoryURL = "https://github.com/firebase/firebase-ios-sdk";
			requirement = {
				kind = upToNextMajorVersion;
				minimumVersion = 10.21.0;
			};
		};
/* End XCRemoteSwiftPackageReference section */

/* Begin XCSwiftPackageProductDependency section */
		99A040962B8FB37A00099984 /* FirebaseAnalytics */ = {
			isa = XCSwiftPackageProductDependency;
			package = 99A040952B8FB37A00099984 /* XCRemoteSwiftPackageReference "firebase-ios-sdk" */;
			productName = FirebaseAnalytics;
		};
		99A040982B8FB37A00099984 /* FirebaseMessaging */ = {
			isa = XCSwiftPackageProductDependency;
			package = 99A040952B8FB37A00099984 /* XCRemoteSwiftPackageReference "firebase-ios-sdk" */;
			productName = FirebaseMessaging;
		};
		99A0409A2B8FB37A00099984 /* FirebaseStorage */ = {
			isa = XCSwiftPackageProductDependency;
			package = 99A040952B8FB37A00099984 /* XCRemoteSwiftPackageReference "firebase-ios-sdk" */;
			productName = FirebaseStorage;
		};
/* End XCSwiftPackageProductDependency section */
	};
	rootObject = E09286092B7F591F00BD1788 /* Project object */;
}
